
Microsoft Visual Studio Solution File, Format Version 12.00
# Visual Studio Version 16
VisualStudioVersion = 16.0.30320.27
MinimumVisualStudioVersion = 10.0.40219.1
Project("{FAE04EC0-301F-11D3-BF4B-00C04F79EFBC}") = "WebApi", "WebApi\WebApi.csproj", "{53A647B0-4839-416C-A051-756024DD6662}"
EndProject
Project("{FAE04EC0-301F-11D3-BF4B-00C04F79EFBC}") = "DataAccess.EFCore", "DataAccess.EFCore\DataAccess.EFCore.csproj", "{84A336ED-7E3E-40A0-9723-2C4F276AF303}"
EndProject
Project("{FAE04EC0-301F-11D3-BF4B-00C04F79EFBC}") = "Domain", "Domain\Domain.csproj", "{BC4BCB0A-1A0C-4178-B2B0-5EF4E52D0B1C}"
EndProject
Global
	GlobalSection(SolutionConfigurationPlatforms) = preSolution
		Debug|Any CPU = Debug|Any CPU
		Release|Any CPU = Release|Any CPU
	EndGlobalSection
	GlobalSection(ProjectConfigurationPlatforms) = postSolution
		{53A647B0-4839-416C-A051-756024DD6662}.Debug|Any CPU.ActiveCfg = Debug|Any CPU
		{53A647B0-4839-416C-A051-756024DD6662}.Debug|Any CPU.Build.0 = Debug|Any CPU
		{53A647B0-4839-416C-A051-756024DD6662}.Release|Any CPU.ActiveCfg = Release|Any CPU
		{53A647B0-4839-416C-A051-756024DD6662}.Release|Any CPU.Build.0 = Release|Any CPU
		{84A336ED-7E3E-40A0-9723-2C4F276AF303}.Debug|Any CPU.ActiveCfg = Debug|Any CPU
		{84A336ED-7E3E-40A0-9723-2C4F276AF303}.Debug|Any CPU.Build.0 = Debug|Any CPU
		{84A336ED-7E3E-40A0-9723-2C4F276AF303}.Release|Any CPU.ActiveCfg = Release|Any CPU
		{84A336ED-7E3E-40A0-9723-2C4F276AF303}.Release|Any CPU.Build.0 = Release|Any CPU
		{BC4BCB0A-1A0C-4178-B2B0-5EF4E52D0B1C}.Debug|Any CPU.ActiveCfg = Debug|Any CPU
		{BC4BCB0A-1A0C-4178-B2B0-5EF4E52D0B1C}.Debug|Any CPU.Build.0 = Debug|Any CPU
		{BC4BCB0A-1A0C-4178-B2B0-5EF4E52D0B1C}.Release|Any CPU.ActiveCfg = Release|Any CPU
		{BC4BCB0A-1A0C-4178-B2B0-5EF4E52D0B1C}.Release|Any CPU.Build.0 = Release|Any CPU
	EndGlobalSection
	GlobalSection(SolutionProperties) = preSolution
		HideSolutionNode = FALSE
	EndGlobalSection
	GlobalSection(ExtensibilityGlobals) = postSolution
		SolutionGuid = {6B04B696-FDAF-466F-8EB9-45C6C04402C6}
	EndGlobalSection
EndGlobal
